PODS:
  - FBSnapshotTestCase (2.0.3):
    - FBSnapshotTestCase/SwiftSupport (= 2.0.3)
  - FBSnapshotTestCase/Core (2.0.3)
  - FBSnapshotTestCase/SwiftSupport (2.0.3):
    - FBSnapshotTestCase/Core
  - SwiftChromeActivity (0.1.1)

DEPENDENCIES:
  - FBSnapshotTestCase
  - SwiftChromeActivity (from `../`)

EXTERNAL SOURCES:
  SwiftChromeActivity:
    :path: "../"

SPEC CHECKSUMS:
  FBSnapshotTestCase: d0eeca6bf87958e088b254396ae66873f971cfb1
  SwiftChromeActivity: 7481af3ff475b857f7ea2dad1d0c13dbb3fb2689

COCOAPODS: 0.38.2
